# This file is automatically @generated by Poetry 1.5.1 and should not be changed by hand.

[[package]]
name = "advent-of-code-data"
version = "2.0.1"
description = "Get your puzzle data with a single import"
optional = false
python-versions = ">=3.9"
files = [
    {file = "advent-of-code-data-2.0.1.tar.gz", hash = "sha256:b5f5fd84a25124633a444916a9ac8a424e8cbd7f346a68ccb34dc1f3460d2b9e"},
    {file = "advent_of_code_data-2.0.1-py3-none-any.whl", hash = "sha256:a9ab6dcd1c39df17b7b33e7f2baa187d85c89c59f4ad15cfdbc00e18144251ad"},
]

[package.dependencies]
aocd-example-parser = ">=2023.2"
beautifulsoup4 = "*"
pebble = "*"
tzdata = {version = "*", markers = "platform_system == \"Windows\""}
urllib3 = "*"

[package.extras]
nb = ["IPython", "jupyter-server"]

[[package]]
name = "aocd-example-parser"
version = "2023.12.17"
description = "Implementation of example parser plugins for advent-of-code-data"
optional = false
python-versions = ">=3.9"
files = [
    {file = "aocd_example_parser-2023.12.17-py3-none-any.whl", hash = "sha256:ebdc7f0612803c91c2759cbf5be0608ca0d6660dab8f3231fdca1418fa585665"},
    {file = "aocd_example_parser-2023.12.17.tar.gz", hash = "sha256:40c245c83b070529b7368257aa9bb3a68d8ba0b8ca139e1b620527ad681740e2"},
]

[[package]]
name = "beautifulsoup4"
version = "4.12.2"
description = "Screen-scraping library"
optional = false
python-versions = ">=3.6.0"
files = [
    {file = "beautifulsoup4-4.12.2-py3-none-any.whl", hash = "sha256:bd2520ca0d9d7d12694a53d44ac482d181b4ec1888909b035a3dbf40d0f57d4a"},
    {file = "beautifulsoup4-4.12.2.tar.gz", hash = "sha256:492bbc69dca35d12daac71c4db1bfff0c876c00ef4a2ffacce226d4638eb72da"},
]

[package.dependencies]
soupsieve = ">1.2"

[package.extras]
html5lib = ["html5lib"]
lxml = ["lxml"]

[[package]]
name = "joblib"
version = "1.3.2"
description = "Lightweight pipelining with Python functions"
optional = false
python-versions = ">=3.7"
files = [
    {file = "joblib-1.3.2-py3-none-any.whl", hash = "sha256:ef4331c65f239985f3f2220ecc87db222f08fd22097a3dd5698f693875f8cbb9"},
    {file = "joblib-1.3.2.tar.gz", hash = "sha256:92f865e621e17784e7955080b6d042489e3b8e294949cc44c6eac304f59772b1"},
]

[[package]]
name = "pebble"
version = "5.0.5"
description = "Threading and multiprocessing eye-candy."
optional = false
python-versions = ">=3.6"
files = [
    {file = "Pebble-5.0.5-py3-none-any.whl", hash = "sha256:18e2d33aa5f128e0c2a813fb314605628b8bd2007e5f626464b1cd13345ae89f"},
    {file = "Pebble-5.0.5.tar.gz", hash = "sha256:3759c33256fa8d7bba044761f96225da411268cc4cf4a200f9e7b187763e16a5"},
]

[[package]]
name = "soupsieve"
version = "2.5"
description = "A modern CSS selector implementation for Beautiful Soup."
optional = false
python-versions = ">=3.8"
files = [
    {file = "soupsieve-2.5-py3-none-any.whl", hash = "sha256:eaa337ff55a1579b6549dc679565eac1e3d000563bcb1c8ab0d0fefbc0c2cdc7"},
    {file = "soupsieve-2.5.tar.gz", hash = "sha256:5663d5a7b3bfaeee0bc4372e7fc48f9cff4940b3eec54a6451cc5299f1097690"},
]

[[package]]
name = "tzdata"
version = "2023.3"
description = "Provider of IANA time zone data"
optional = false
python-versions = ">=2"
files = [
    {file = "tzdata-2023.3-py2.py3-none-any.whl", hash = "sha256:7e65763eef3120314099b6939b5546db7adce1e7d6f2e179e3df563c70511eda"},
    {file = "tzdata-2023.3.tar.gz", hash = "sha256:11ef1e08e54acb0d4f95bdb1be05da659673de4acbd21bf9c69e94cc5e907a3a"},
]

[[package]]
name = "urllib3"
version = "2.1.0"
description = "HTTP library with thread-safe connection pooling, file post, and more."
optional = false
python-versions = ">=3.8"
files = [
    {file = "urllib3-2.1.0-py3-none-any.whl", hash = "sha256:55901e917a5896a349ff771be919f8bd99aff50b79fe58fec595eb37bbc56bb3"},
    {file = "urllib3-2.1.0.tar.gz", hash = "sha256:df7aa8afb0148fa78488e7899b2c59b5f4ffcfa82e6c54ccb9dd37c1d7b52d54"},
]

[package.extras]
brotli = ["brotli (>=1.0.9)", "brotlicffi (>=0.8.0)"]
socks = ["pysocks (>=1.5.6,!=1.5.7,<2.0)"]
zstd = ["zstandard (>=0.18.0)"]

[metadata]
lock-version = "2.0"
python-versions = "~3.11"
content-hash = "0fed0960cc18457289f917aad1397809ef03f016f3cc84edc0856bc89bfa71e5"
